github.com/disintegration/gift v1.2.1 h1:Y005a1X4Z7Uc+0gLpSAsKhWi4qLtsdEcMIbbdvdZ6pc=
github.com/disintegration/gift v1.2.1/go.mod h1:Jh2i7f7Q2BM7Ezno3PhfezbR1xpUg9dUg3/RlKGr4HI=
github.com/lucasb-eyer/go-colorful v1.2.0 h1:1nnpGOrhyZZuNyfu1QjKiUICQ74+3FNCN69Aj6K7nkY=
github.com/lucasb-eyer/go-colorful v1.2.0/go.mod h1:R4dSotOR9KMtayYi1e77YzuveK+i7ruzyGqttikkLy0=
github.com/pierrre/assert v0.5.0 h1:l5XuybndelAlp+FfH5Uy6wVJybcCpbU3GnwYcur+4Mo=
github.com/pierrre/assert v0.5.0/go.mod h1:a2kNx38ErwdJHGEi8a9aFDTImkoO5W/mfix2Es/Zcp0=
github.com/pierrre/compare v1.4.7 h1:wa8vWJXUj39Uzw4C+VFXseZ9u3ZD5k1jgt3iJLmvWsI=
github.com/pierrre/compare v1.4.7/go.mod h1:EfhQgoxtZiKi4e2NiCjasv6am7xqVDrVgiyUFcoorLI=
github.com/pierrre/githubhook v1.0.1 h1:l/AgIYhWHHRtpmKOy1XpcG9NTcnFDM+0pEH5YpICKk4=
github.com/pierrre/githubhook v1.0.1/go.mod h1:t0gt7s2yHgdRy/Vpj3wbc1495Ou3MYyFuKCqqCtjqfQ=
github.com/pierrre/go-libs v0.7.0 h1:uaHiD66VBLb0jF1PaWGVLKBHdRhkw0KsM5pmlUK+CO8=
github.com/pierrre/go-libs v0.7.0/go.mod h1:0g8JPnx0MUreex2DGohGhUGrmLu8u87bD5drSMfEOP0=
github.com/pierrre/imageserver v0.0.0-20240628101311-4e684efe1082 h1:VSR0Bwxufyhw3Uq+wkVJ3abHlv2s8LfqbNa64EAcV8k=
github.com/pierrre/imageserver v0.0.0-20240628101311-4e684efe1082/go.mod h1:uUnK/b4KwZWZm6y/MUwaO7WDYaavo1vfdIi4Y1WlKGU=
github.com/pierrre/imageutil v1.0.0 h1:/DqwfUW34DdeZ/+btQRAD1NNIlLs+rAkskJJv5+jx2Q=
github.com/pierrre/imageutil v1.0.0/go.mod h1:7NQKvBWOPV2rUECRLS1xs/w1l1Dn6r5dn4f3mrz5SQg=
github.com/pierrre/lrucache v0.0.0-20230607151708-a8a5d90ecbc4 h1:7W3Kq0zwNfwbHC6ORZnRiqC9T0iDXoRVVfq5gtemcmc=
github.com/pierrre/lrucache v0.0.0-20230607151708-a8a5d90ecbc4/go.mod h1:UgTAbB0O63OjwFrw196ZaABpM7CBcHB9J1RwuavCx2Q=
github.com/pierrre/pretty v0.3.4 h1:Pxu9M/+Tfx9l03ceehyd+3LUfmIIjdr4YbYGLtAVOwc=
github.com/pierrre/pretty v0.3.4/go.mod h1:FbroWIpyd5L8P5sehyQ9sxX4YYY51oZbUN+ggNdMIuY=
