github.com/disintegration/gift v1.2.1 h1:Y005a1X4Z7Uc+0gLpSAsKhWi4qLtsdEcMIbbdvdZ6pc=
github.com/disintegration/gift v1.2.1/go.mod h1:Jh2i7f7Q2BM7Ezno3PhfezbR1xpUg9dUg3/RlKGr4HI=
github.com/lucasb-eyer/go-colorful v1.4.1 h1:1EO+WB73+EH8EVbzlrG3KLAfEypQWVHIBqlTf+2hNss=
github.com/lucasb-eyer/go-colorful v1.4.1/go.mod h1:R4dSotOR9KMtayYi1e77YzuveK+i7ruzyGqttikkLy0=
github.com/pierrre/assert v0.15.7 h1:J92wLE3ZgSIqc0s8I0OwlyXW52jDhC6XMIpfY8GKQSE=
github.com/pierrre/assert v0.15.7/go.mod h1:FKfeSDTCIYnJ9KDgo6m5JFTEvzn4lDi3wvP585PJwqo=
github.com/pierrre/compare v1.5.1 h1:O0QZDWJ3X3qkpIHoAQZkrrX4FX1bFG7sPnI79LsKIT4=
github.com/pierrre/compare v1.5.1/go.mod h1:6x5Gb1bRErZmiMJk5i1uYieGAfGlgHDApnKV5E0PnFc=
github.com/pierrre/errors v0.18.0 h1:cHWNvb4G7nYONMBXkq4vdjhVucXuiUTVxbLNWEB3u/k=
github.com/pierrre/errors v0.18.0/go.mod h1:IKrpXT0M2maNx2CJUI2VvIK3EuElJqv+8E+fkpio7Ao=
github.com/pierrre/githubhook v1.0.4 h1:2brccQ1l66idsn47j5ODeY8SNJbuwBdQRQjpTRBU03c=
github.com/pierrre/githubhook v1.0.4/go.mod h1:tTgDIspBWpHcL6WmF6w1W5SflssXf3SKCjBY9jgKW0s=
github.com/pierrre/go-libs v0.34.9 h1:o9j4X7l8laiEgLU+pXjbfbF4cWtdq31GrwA0RpYzQrw=
github.com/pierrre/go-libs v0.34.9/go.mod h1:CpGML1tISROvNAgR+Y4cb6AQq08YgE0Zy6IknwI7ptA=
github.com/pierrre/imageserver v0.0.0-20260703161927-297fea719455 h1:8+cOoc2Iq3QW5rM4mZWTSQVTpElLEjiYm8tI4BRSEU4=
github.com/pierrre/imageserver v0.0.0-20260703161927-297fea719455/go.mod h1:B8OWjQwEIk4zOWFDxQYBCPdTCZW9SseRHQbEyp3mt/E=
github.com/pierrre/imageutil v1.0.0 h1:/DqwfUW34DdeZ/+btQRAD1NNIlLs+rAkskJJv5+jx2Q=
github.com/pierrre/imageutil v1.0.0/go.mod h1:7NQKvBWOPV2rUECRLS1xs/w1l1Dn6r5dn4f3mrz5SQg=
github.com/pierrre/lrucache v0.0.0-20230607151708-a8a5d90ecbc4 h1:7W3Kq0zwNfwbHC6ORZnRiqC9T0iDXoRVVfq5gtemcmc=
github.com/pierrre/lrucache v0.0.0-20230607151708-a8a5d90ecbc4/go.mod h1:UgTAbB0O63OjwFrw196ZaABpM7CBcHB9J1RwuavCx2Q=
github.com/pierrre/pretty v0.26.8 h1:gdiu+QXNJ7rsvxL241me9daFtkJAzMbk8Fc+1KIWhug=
github.com/pierrre/pretty v0.26.8/go.mod h1:HOPWCPrHoNZsG95/egRGCFYyG54PTUB+i6YfY21zy0U=
